
Microsoft Visual Studio Solution File, Format Version 12.00
# Visual Studio 15
VisualStudioVersion = 15.0.28010.2003
MinimumVisualStudioVersion = 10.0.40219.1
Project("{FAE04EC0-301F-11D3-BF4B-00C04F79EFBC}") = "Menu", "Menu\Menu.csproj", "{0063DCF3-8EDE-45A3-B17D-E2FF1CBE8912}"
EndProject
Global
	GlobalSection(SolutionConfigurationPlatforms) = preSolution
		Debug|Any CPU = Debug|Any CPU
		Release|Any CPU = Release|Any CPU
	EndGlobalSection
	GlobalSection(ProjectConfigurationPlatforms) = postSolution
		{0063DCF3-8EDE-45A3-B17D-E2FF1CBE8912}.Debug|Any CPU.ActiveCfg = Debug|Any CPU
		{0063DCF3-8EDE-45A3-B17D-E2FF1CBE8912}.Debug|Any CPU.Build.0 = Debug|Any CPU
		{0063DCF3-8EDE-45A3-B17D-E2FF1CBE8912}.Release|Any CPU.ActiveCfg = Release|Any CPU
		{0063DCF3-8EDE-45A3-B17D-E2FF1CBE8912}.Release|Any CPU.Build.0 = Release|Any CPU
	EndGlobalSection
	GlobalSection(SolutionProperties) = preSolution
		HideSolutionNode = FALSE
	EndGlobalSection
	GlobalSection(ExtensibilityGlobals) = postSolution
		SolutionGuid = {B5EB28ED-3FF5-4B8F-9DFD-294F08D4191B}
	EndGlobalSection
EndGlobal
